
Microsoft Visual Studio Solution File, Format Version 12.00
# Visual Studio 15
Project("{FAE04EC0-301F-11D3-BF4B-00C04F79EFBC}") = "Assembly-CSharp", "Assembly-CSharp.csproj", "{31542B54-6256-067B-2E06-062796D2FDE1}"
EndProject
Project("{FAE04EC0-301F-11D3-BF4B-00C04F79EFBC}") = "Assembly-CSharp-firstpass", "Assembly-CSharp-firstpass.csproj", "{CA026650-55AF-4975-FFD8-4B0BE0DA622E}"
EndProject
Global
	GlobalSection(SolutionConfigurationPlatforms) = preSolution
		Debug|Any CPU = Debug|Any CPU
		Release|Any CPU = Release|Any CPU
	EndGlobalSection
	GlobalSection(ProjectConfigurationPlatforms) = postSolution
		{31542B54-6256-067B-2E06-062796D2FDE1}.Debug|Any CPU.ActiveCfg = Debug|Any CPU
		{31542B54-6256-067B-2E06-062796D2FDE1}.Debug|Any CPU.Build.0 = Debug|Any CPU
		{31542B54-6256-067B-2E06-062796D2FDE1}.Release|Any CPU.ActiveCfg = Release|Any CPU
		{31542B54-6256-067B-2E06-062796D2FDE1}.Release|Any CPU.Build.0 = Release|Any CPU
		{CA026650-55AF-4975-FFD8-4B0BE0DA622E}.Debug|Any CPU.ActiveCfg = Debug|Any CPU
		{CA026650-55AF-4975-FFD8-4B0BE0DA622E}.Debug|Any CPU.Build.0 = Debug|Any CPU
		{CA026650-55AF-4975-FFD8-4B0BE0DA622E}.Release|Any CPU.ActiveCfg = Release|Any CPU
		{CA026650-55AF-4975-FFD8-4B0BE0DA622E}.Release|Any CPU.Build.0 = Release|Any CPU
	EndGlobalSection
	GlobalSection(SolutionProperties) = preSolution
		HideSolutionNode = FALSE
	EndGlobalSection
EndGlobal
